
Microsoft Visual Studio Solution File, Format Version 12.00
# Visual Studio Version 17
VisualStudioVersion = 17.11.35312.102
MinimumVisualStudioVersion = 10.0.40219.1
Project("{FAE04EC0-301F-11D3-BF4B-00C04F79EFBC}") = "its_all_about_timing", "its_all_about_timing\its_all_about_timing.csproj", "{9C26D6A3-E4AE-48EF-A811-FF23A6B74BF7}"
EndProject
Global
	GlobalSection(SolutionConfigurationPlatforms) = preSolution
		Debug|Any CPU = Debug|Any CPU
		Release|Any CPU = Release|Any CPU
	EndGlobalSection
	GlobalSection(ProjectConfigurationPlatforms) = postSolution
		{9C26D6A3-E4AE-48EF-A811-FF23A6B74BF7}.Debug|Any CPU.ActiveCfg = Debug|Any CPU
		{9C26D6A3-E4AE-48EF-A811-FF23A6B74BF7}.Debug|Any CPU.Build.0 = Debug|Any CPU
		{9C26D6A3-E4AE-48EF-A811-FF23A6B74BF7}.Release|Any CPU.ActiveCfg = Release|Any CPU
		{9C26D6A3-E4AE-48EF-A811-FF23A6B74BF7}.Release|Any CPU.Build.0 = Release|Any CPU
	EndGlobalSection
	GlobalSection(SolutionProperties) = preSolution
		HideSolutionNode = FALSE
	EndGlobalSection
	GlobalSection(ExtensibilityGlobals) = postSolution
		SolutionGuid = {72281CEA-EA08-48DD-B0CD-BBC30A5832A4}
	EndGlobalSection
EndGlobal
