
Microsoft Visual Studio Solution File, Format Version 12.00
# Visual Studio Version 17
VisualStudioVersion = 17.11.35312.102
MinimumVisualStudioVersion = 10.0.40219.1
Project("{FAE04EC0-301F-11D3-BF4B-00C04F79EFBC}") = "getting_cryptic", "getting_cryptic\getting_cryptic.csproj", "{3F9EB857-4963-40A3-9680-1F84CB9DCC9C}"
EndProject
Global
	GlobalSection(SolutionConfigurationPlatforms) = preSolution
		Debug|Any CPU = Debug|Any CPU
		Release|Any CPU = Release|Any CPU
	EndGlobalSection
	GlobalSection(ProjectConfigurationPlatforms) = postSolution
		{3F9EB857-4963-40A3-9680-1F84CB9DCC9C}.Debug|Any CPU.ActiveCfg = Debug|Any CPU
		{3F9EB857-4963-40A3-9680-1F84CB9DCC9C}.Debug|Any CPU.Build.0 = Debug|Any CPU
		{3F9EB857-4963-40A3-9680-1F84CB9DCC9C}.Release|Any CPU.ActiveCfg = Release|Any CPU
		{3F9EB857-4963-40A3-9680-1F84CB9DCC9C}.Release|Any CPU.Build.0 = Release|Any CPU
	EndGlobalSection
	GlobalSection(SolutionProperties) = preSolution
		HideSolutionNode = FALSE
	EndGlobalSection
	GlobalSection(ExtensibilityGlobals) = postSolution
		SolutionGuid = {9C287EBE-2BDF-4991-8F1D-F6700340AFD7}
	EndGlobalSection
EndGlobal
