
Microsoft Visual Studio Solution File, Format Version 12.00
# Visual Studio Version 17
VisualStudioVersion = 17.11.35312.102
MinimumVisualStudioVersion = 10.0.40219.1
Project("{FAE04EC0-301F-11D3-BF4B-00C04F79EFBC}") = "roll-em-all", "roll-em-all\roll-em-all.csproj", "{39740E9A-A909-4312-B331-899B0A598282}"
EndProject
Global
	GlobalSection(SolutionConfigurationPlatforms) = preSolution
		Debug|Any CPU = Debug|Any CPU
		Release|Any CPU = Release|Any CPU
	EndGlobalSection
	GlobalSection(ProjectConfigurationPlatforms) = postSolution
		{39740E9A-A909-4312-B331-899B0A598282}.Debug|Any CPU.ActiveCfg = Debug|Any CPU
		{39740E9A-A909-4312-B331-899B0A598282}.Debug|Any CPU.Build.0 = Debug|Any CPU
		{39740E9A-A909-4312-B331-899B0A598282}.Release|Any CPU.ActiveCfg = Release|Any CPU
		{39740E9A-A909-4312-B331-899B0A598282}.Release|Any CPU.Build.0 = Release|Any CPU
	EndGlobalSection
	GlobalSection(SolutionProperties) = preSolution
		HideSolutionNode = FALSE
	EndGlobalSection
	GlobalSection(ExtensibilityGlobals) = postSolution
		SolutionGuid = {C4CEC697-3D1E-4454-827C-DCA88E2CAF66}
	EndGlobalSection
EndGlobal
